
Microsoft Visual Studio Solution File, Format Version 12.00
# Visual Studio Version 17
VisualStudioVersion = 17.5.002.0
MinimumVisualStudioVersion = 10.0.40219.1
Project("{9A19103F-16F7-4668-BE54-9A1E7A4F7556}") = "Hourglass", "Hourglass.csproj", "{05CB9E8E-5C11-4F11-A7B9-BA807A79DE21}"
EndProject
Global
	GlobalSection(SolutionConfigurationPlatforms) = preSolution
		Debug|Any CPU = Debug|Any CPU
		Release|Any CPU = Release|Any CPU
	EndGlobalSection
	GlobalSection(ProjectConfigurationPlatforms) = postSolution
		{05CB9E8E-5C11-4F11-A7B9-BA807A79DE21}.Debug|Any CPU.ActiveCfg = Debug|Any CPU
		{05CB9E8E-5C11-4F11-A7B9-BA807A79DE21}.Debug|Any CPU.Build.0 = Debug|Any CPU
		{05CB9E8E-5C11-4F11-A7B9-BA807A79DE21}.Release|Any CPU.ActiveCfg = Release|Any CPU
		{05CB9E8E-5C11-4F11-A7B9-BA807A79DE21}.Release|Any CPU.Build.0 = Release|Any CPU
	EndGlobalSection
	GlobalSection(SolutionProperties) = preSolution
		HideSolutionNode = FALSE
	EndGlobalSection
	GlobalSection(ExtensibilityGlobals) = postSolution
		SolutionGuid = {ACDF762B-225D-4249-A949-B8064E489C99}
	EndGlobalSection
EndGlobal
